
Microsoft Visual Studio Solution File, Format Version 12.00
# Visual Studio 15
VisualStudioVersion = 15.0.27130.2010
MinimumVisualStudioVersion = 10.0.40219.1
Project("{FAE04EC0-301F-11D3-BF4B-00C04F79EFBC}") = "App.Api", "App.Api\App.Api.csproj", "{78EE88B0-0E3C-4066-A29A-EC9B9853DCDD}"
EndProject
Project("{2150E333-8FDC-42A3-9474-1A3956D46DE8}") = "01 APP.Entity", "01 APP.Entity", "{2DF07BB0-FBE6-4DFA-B828-E6317D266977}"
EndProject
Project("{2150E333-8FDC-42A3-9474-1A3956D46DE8}") = "02 APP.Service", "02 APP.Service", "{81BF2829-F719-47DA-A5C7-5A16578682E4}"
EndProject
Project("{2150E333-8FDC-42A3-9474-1A3956D46DE8}") = "03 APP.Handler", "03 APP.Handler", "{3E9EA418-72F4-4CDC-8A0B-C8665A4EB6BF}"
EndProject
Project("{2150E333-8FDC-42A3-9474-1A3956D46DE8}") = "04 APP.Api", "04 APP.Api", "{9206D7A2-3EC2-4D70-B7D6-68E8188E9BB8}"
EndProject
Project("{2150E333-8FDC-42A3-9474-1A3956D46DE8}") = "00 APP.Lib", "00 APP.Lib", "{92BB4E91-DD20-48BB-BCC8-55ED6640037D}"
EndProject
Project("{FAE04EC0-301F-11D3-BF4B-00C04F79EFBC}") = "APP.CommonLib", "..\Architect\CommonLib\APP.CommonLib\APP.CommonLib.csproj", "{E220AF73-FD71-4240-B6EB-C91BBCA56CAE}"
EndProject
Project("{FAE04EC0-301F-11D3-BF4B-00C04F79EFBC}") = "APP.MemberWeb", "APP.MemberWeb\APP.MemberWeb.csproj", "{6658345C-61BB-4E32-9F08-03EF01F67FE1}"
EndProject
Project("{FAE04EC0-301F-11D3-BF4B-00C04F79EFBC}") = "APP.Member.Handler", "APP.Member.Handler\APP.Member.Handler.csproj", "{30E2DDE2-CCAE-4F37-A68F-D86C94839729}"
EndProject
Project("{FAE04EC0-301F-11D3-BF4B-00C04F79EFBC}") = "APP.Member.Entity", "APP.Member.Entity\APP.Member.Entity.csproj", "{086C386E-F17A-442E-9A13-52028A2E3C8D}"
EndProject
Global
	GlobalSection(SolutionConfigurationPlatforms) = preSolution
		Debug|Any CPU = Debug|Any CPU
		Release|Any CPU = Release|Any CPU
	EndGlobalSection
	GlobalSection(ProjectConfigurationPlatforms) = postSolution
		{78EE88B0-0E3C-4066-A29A-EC9B9853DCDD}.Debug|Any CPU.ActiveCfg = Debug|Any CPU
		{78EE88B0-0E3C-4066-A29A-EC9B9853DCDD}.Debug|Any CPU.Build.0 = Debug|Any CPU
		{78EE88B0-0E3C-4066-A29A-EC9B9853DCDD}.Release|Any CPU.ActiveCfg = Release|Any CPU
		{78EE88B0-0E3C-4066-A29A-EC9B9853DCDD}.Release|Any CPU.Build.0 = Release|Any CPU
		{E220AF73-FD71-4240-B6EB-C91BBCA56CAE}.Debug|Any CPU.ActiveCfg = Debug|Any CPU
		{E220AF73-FD71-4240-B6EB-C91BBCA56CAE}.Debug|Any CPU.Build.0 = Debug|Any CPU
		{E220AF73-FD71-4240-B6EB-C91BBCA56CAE}.Release|Any CPU.ActiveCfg = Release|Any CPU
		{E220AF73-FD71-4240-B6EB-C91BBCA56CAE}.Release|Any CPU.Build.0 = Release|Any CPU
		{6658345C-61BB-4E32-9F08-03EF01F67FE1}.Debug|Any CPU.ActiveCfg = Debug|Any CPU
		{6658345C-61BB-4E32-9F08-03EF01F67FE1}.Debug|Any CPU.Build.0 = Debug|Any CPU
		{6658345C-61BB-4E32-9F08-03EF01F67FE1}.Release|Any CPU.ActiveCfg = Release|Any CPU
		{6658345C-61BB-4E32-9F08-03EF01F67FE1}.Release|Any CPU.Build.0 = Release|Any CPU
		{30E2DDE2-CCAE-4F37-A68F-D86C94839729}.Debug|Any CPU.ActiveCfg = Debug|Any CPU
		{30E2DDE2-CCAE-4F37-A68F-D86C94839729}.Debug|Any CPU.Build.0 = Debug|Any CPU
		{30E2DDE2-CCAE-4F37-A68F-D86C94839729}.Release|Any CPU.ActiveCfg = Release|Any CPU
		{30E2DDE2-CCAE-4F37-A68F-D86C94839729}.Release|Any CPU.Build.0 = Release|Any CPU
		{086C386E-F17A-442E-9A13-52028A2E3C8D}.Debug|Any CPU.ActiveCfg = Debug|Any CPU
		{086C386E-F17A-442E-9A13-52028A2E3C8D}.Debug|Any CPU.Build.0 = Debug|Any CPU
		{086C386E-F17A-442E-9A13-52028A2E3C8D}.Release|Any CPU.ActiveCfg = Release|Any CPU
		{086C386E-F17A-442E-9A13-52028A2E3C8D}.Release|Any CPU.Build.0 = Release|Any CPU
	EndGlobalSection
	GlobalSection(SolutionProperties) = preSolution
		HideSolutionNode = FALSE
	EndGlobalSection
	GlobalSection(NestedProjects) = preSolution
		{78EE88B0-0E3C-4066-A29A-EC9B9853DCDD} = {9206D7A2-3EC2-4D70-B7D6-68E8188E9BB8}
		{E220AF73-FD71-4240-B6EB-C91BBCA56CAE} = {92BB4E91-DD20-48BB-BCC8-55ED6640037D}
		{6658345C-61BB-4E32-9F08-03EF01F67FE1} = {9206D7A2-3EC2-4D70-B7D6-68E8188E9BB8}
		{30E2DDE2-CCAE-4F37-A68F-D86C94839729} = {3E9EA418-72F4-4CDC-8A0B-C8665A4EB6BF}
		{086C386E-F17A-442E-9A13-52028A2E3C8D} = {2DF07BB0-FBE6-4DFA-B828-E6317D266977}
	EndGlobalSection
	GlobalSection(ExtensibilityGlobals) = postSolution
		SolutionGuid = {9F7CAA5C-5A75-49C7-AD5F-2E1CAB077681}
	EndGlobalSection
EndGlobal
